// !$*UTF8*$!
{
	archiveVersion = 1;
	classes = {
	};
	objectVersion = 50;
	objects = {

/* Begin PBXBuildFile section */
		F238162224EF21A200383B1A /* PhotoAlbumViewController.swift in Sources */ = {isa = PBXBuildFile; fileRef = F238162124EF21A200383B1A /* PhotoAlbumViewController.swift */; };
		F23EC9F324F1C91D001223E9 /* Client.swift in Sources */ = {isa = PBXBuildFile; fileRef = F23EC9F224F1C91D001223E9 /* Client.swift */; };
		F23EC9F624F1DDA1001223E9 /* PhotoDetails.swift in Sources */ = {isa = PBXBuildFile; fileRef = F23EC9F524F1DDA1001223E9 /* PhotoDetails.swift */; };
		F23EC9F824F32A69001223E9 /* PhotoViewCell.swift in Sources */ = {isa = PBXBuildFile; fileRef = F23EC9F724F32A69001223E9 /* PhotoViewCell.swift */; };
		F2F855D124E94736008C4301 /* AppDelegate.swift in Sources */ = {isa = PBXBuildFile; fileRef = F2F855D024E94736008C4301 /* AppDelegate.swift */; };
		F2F855D524E94736008C4301 /* TravelLocationsMapView.swift in Sources */ = {isa = PBXBuildFile; fileRef = F2F855D424E94736008C4301 /* TravelLocationsMapView.swift */; };
		F2F855D824E94736008C4301 /* Main.storyboard in Resources */ = {isa = PBXBuildFile; fileRef = F2F855D624E94736008C4301 /* Main.storyboard */; };
		F2F855DA24E9473D008C4301 /* Assets.xcassets in Resources */ = {isa = PBXBuildFile; fileRef = F2F855D924E9473D008C4301 /* Assets.xcassets */; };
		F2F855DD24E9473D008C4301 /* LaunchScreen.storyboard in Resources */ = {isa = PBXBuildFile; fileRef = F2F855DB24E9473D008C4301 /* LaunchScreen.storyboard */; };
		F2F855E724E97736008C4301 /* VirtualTourist.xcdatamodeld in Sources */ = {isa = PBXBuildFile; fileRef = F2F855E524E97736008C4301 /* VirtualTourist.xcdatamodeld */; };
		F2F855E924E9830B008C4301 /* DataController.swift in Sources */ = {isa = PBXBuildFile; fileRef = F2F855E824E9830B008C4301 /* DataController.swift */; };
/* End PBXBuildFile section */

/* Begin PBXFileReference section */
		F238162124EF21A200383B1A /* PhotoAlbumViewController.swift */ = {isa = PBXFileReference; lastKnownFileType = sourcecode.swift; name = PhotoAlbumViewController.swift; path = ../PhotoAlbumViewController.swift; sourceTree = "<group>"; };
		F23EC9F224F1C91D001223E9 /* Client.swift */ = {isa = PBXFileReference; lastKnownFileType = sourcecode.swift; path = Client.swift; sourceTree = "<group>"; };
		F23EC9F524F1DDA1001223E9 /* PhotoDetails.swift */ = {isa = PBXFileReference; lastKnownFileType = sourcecode.swift; path = PhotoDetails.swift; sourceTree = "<group>"; };
		F23EC9F724F32A69001223E9 /* PhotoViewCell.swift */ = {isa = PBXFileReference; lastKnownFileType = sourcecode.swift; path = PhotoViewCell.swift; sourceTree = "<group>"; };
		F2F855CD24E94736008C4301 /* VirtualTourist.app */ = {isa = PBXFileReference; explicitFileType = wrapper.application; includeInIndex = 0; path = VirtualTourist.app; sourceTree = BUILT_PRODUCTS_DIR; };
		F2F855D024E94736008C4301 /* AppDelegate.swift */ = {isa = PBXFileReference; lastKnownFileType = sourcecode.swift; path = AppDelegate.swift; sourceTree = "<group>"; };
		F2F855D424E94736008C4301 /* TravelLocationsMapView.swift */ = {isa = PBXFileReference; lastKnownFileType = sourcecode.swift; path = TravelLocationsMapView.swift; sourceTree = "<group>"; };
		F2F855D724E94736008C4301 /* Base */ = {isa = PBXFileReference; lastKnownFileType = file.storyboard; name = Base; path = Base.lproj/Main.storyboard; sourceTree = "<group>"; };
		F2F855D924E9473D008C4301 /* Assets.xcassets */ = {isa = PBXFileReference; lastKnownFileType = folder.assetcatalog; path = Assets.xcassets; sourceTree = "<group>"; };
		F2F855DC24E9473D008C4301 /* Base */ = {isa = PBXFileReference; lastKnownFileType = file.storyboard; name = Base; path = Base.lproj/LaunchScreen.storyboard; sourceTree = "<group>"; };
		F2F855DE24E9473D008C4301 /* Info.plist */ = {isa = PBXFileReference; lastKnownFileType = text.plist.xml; path = Info.plist; sourceTree = "<group>"; };
		F2F855E624E97736008C4301 /* Location.xcdatamodel */ = {isa = PBXFileReference; lastKnownFileType = wrapper.xcdatamodel; path = Location.xcdatamodel; sourceTree = "<group>"; };
		F2F855E824E9830B008C4301 /* DataController.swift */ = {isa = PBXFileReference; lastKnownFileType = sourcecode.swift; path = DataController.swift; sourceTree = "<group>"; };
/* End PBXFileReference section */

/* Begin PBXFrameworksBuildPhase section */
		F2F855CA24E94736008C4301 /* Frameworks */ = {
			isa = PBXFrameworksBuildPhase;
			buildActionMask = 2147483647;
			files = (
			);
			runOnlyForDeploymentPostprocessing = 0;
		};
/* End PBXFrameworksBuildPhase section */

/* Begin PBXGroup section */
		F23EC9EF24F1C8D3001223E9 /* API */ = {
			isa = PBXGroup;
			children = (
				F23EC9F424F1DD68001223E9 /* Flickr Responses */,
				F23EC9F124F1C8F8001223E9 /* Client */,
			);
			path = API;
			sourceTree = "<group>";
		};
		F23EC9F124F1C8F8001223E9 /* Client */ = {
			isa = PBXGroup;
			children = (
				F23EC9F224F1C91D001223E9 /* Client.swift */,
			);
			path = Client;
			sourceTree = "<group>";
		};
		F23EC9F424F1DD68001223E9 /* Flickr Responses */ = {
			isa = PBXGroup;
			children = (
				F23EC9F524F1DDA1001223E9 /* PhotoDetails.swift */,
			);
			path = "Flickr Responses";
			sourceTree = "<group>";
		};
		F2F855C424E94736008C4301 = {
			isa = PBXGroup;
			children = (
				F2F855CF24E94736008C4301 /* VirtualTourist */,
				F2F855CE24E94736008C4301 /* Products */,
			);
			sourceTree = "<group>";
		};
		F2F855CE24E94736008C4301 /* Products */ = {
			isa = PBXGroup;
			children = (
				F2F855CD24E94736008C4301 /* VirtualTourist.app */,
			);
			name = Products;
			sourceTree = "<group>";
		};
		F2F855CF24E94736008C4301 /* VirtualTourist */ = {
			isa = PBXGroup;
			children = (
				F2F855E424E97537008C4301 /* Model */,
				F2F855D024E94736008C4301 /* AppDelegate.swift */,
				F238162124EF21A200383B1A /* PhotoAlbumViewController.swift */,
				F23EC9F724F32A69001223E9 /* PhotoViewCell.swift */,
				F2F855D424E94736008C4301 /* TravelLocationsMapView.swift */,
				F2F855D624E94736008C4301 /* Main.storyboard */,
				F2F855D924E9473D008C4301 /* Assets.xcassets */,
				F2F855DB24E9473D008C4301 /* LaunchScreen.storyboard */,
				F2F855DE24E9473D008C4301 /* Info.plist */,
			);
			path = VirtualTourist;
			sourceTree = "<group>";
		};
		F2F855E424E97537008C4301 /* Model */ = {
			isa = PBXGroup;
			children = (
				F23EC9EF24F1C8D3001223E9 /* API */,
				F2F855E524E97736008C4301 /* VirtualTourist.xcdatamodeld */,
				F2F855E824E9830B008C4301 /* DataController.swift */,
			);
			path = Model;
			sourceTree = "<group>";
		};
/* End PBXGroup section */

/* Begin PBXNativeTarget section */
		F2F855CC24E94736008C4301 /* VirtualTourist */ = {
			isa = PBXNativeTarget;
			buildConfigurationList = F2F855E124E9473D008C4301 /* Build configuration list for PBXNativeTarget "VirtualTourist" */;
			buildPhases = (
				F2F855C924E94736008C4301 /* Sources */,
				F2F855CA24E94736008C4301 /* Frameworks */,
				F2F855CB24E94736008C4301 /* Resources */,
			);
			buildRules = (
			);
			dependencies = (
			);
			name = VirtualTourist;
			productName = VirtualTourist;
			productReference = F2F855CD24E94736008C4301 /* VirtualTourist.app */;
			productType = "com.apple.product-type.application";
		};
/* End PBXNativeTarget section */

/* Begin PBXProject section */
		F2F855C524E94736008C4301 /* Project object */ = {
			isa = PBXProject;
			attributes = {
				LastSwiftUpdateCheck = 1130;
				LastUpgradeCheck = 1130;
				ORGANIZATIONNAME = "Osifeso Adeyemi";
				TargetAttributes = {
					F2F855CC24E94736008C4301 = {
						CreatedOnToolsVersion = 11.3.1;
					};
				};
			};
			buildConfigurationList = F2F855C824E94736008C4301 /* Build configuration list for PBXProject "VirtualTourist" */;
			compatibilityVersion = "Xcode 9.3";
			developmentRegion = en;
			hasScannedForEncodings = 0;
			knownRegions = (
				en,
				Base,
			);
			mainGroup = F2F855C424E94736008C4301;
			productRefGroup = F2F855CE24E94736008C4301 /* Products */;
			projectDirPath = "";
			projectRoot = "";
			targets = (
				F2F855CC24E94736008C4301 /* VirtualTourist */,
			);
		};
/* End PBXProject section */

/* Begin PBXResourcesBuildPhase section */
		F2F855CB24E94736008C4301 /* Resources */ = {
			isa = PBXResourcesBuildPhase;
			buildActionMask = 2147483647;
			files = (
				F2F855DD24E9473D008C4301 /* LaunchScreen.storyboard in Resources */,
				F2F855DA24E9473D008C4301 /* Assets.xcassets in Resources */,
				F2F855D824E94736008C4301 /* Main.storyboard in Resources */,
			);
			runOnlyForDeploymentPostprocessing = 0;
		};
/* End PBXResourcesBuildPhase section */

/* Begin PBXSourcesBuildPhase section */
		F2F855C924E94736008C4301 /* Sources */ = {
			isa = PBXSourcesBuildPhase;
			buildActionMask = 2147483647;
			files = (
				F2F855E924E9830B008C4301 /* DataController.swift in Sources */,
				F23EC9F624F1DDA1001223E9 /* PhotoDetails.swift in Sources */,
				F2F855D524E94736008C4301 /* TravelLocationsMapView.swift in Sources */,
				F23EC9F824F32A69001223E9 /* PhotoViewCell.swift in Sources */,
				F23EC9F324F1C91D001223E9 /* Client.swift in Sources */,
				F2F855D124E94736008C4301 /* AppDelegate.swift in Sources */,
				F238162224EF21A200383B1A /* PhotoAlbumViewController.swift in Sources */,
				F2F855E724E97736008C4301 /* VirtualTourist.xcdatamodeld in Sources */,
			);
			runOnlyForDeploymentPostprocessing = 0;
		};
/* End PBXSourcesBuildPhase section */

/* Begin PBXVariantGroup section */
		F2F855D624E94736008C4301 /* Main.storyboard */ = {
			isa = PBXVariantGroup;
			children = (
				F2F855D724E94736008C4301 /* Base */,
			);
			name = Main.storyboard;
			sourceTree = "<group>";
		};
		F2F855DB24E9473D008C4301 /* LaunchScreen.storyboard */ = {
			isa = PBXVariantGroup;
			children = (
				F2F855DC24E9473D008C4301 /* Base */,
			);
			name = LaunchScreen.storyboard;
			sourceTree = "<group>";
		};
/* End PBXVariantGroup section */

/* Begin XCBuildConfiguration section */
		F2F855DF24E9473D008C4301 /* Debug */ = {
			isa = XCBuildConfiguration;
			buildSettings = {
				ALWAYS_SEARCH_USER_PATHS = NO;
				CLANG_ANALYZER_NONNULL = YES;
				CLANG_ANALYZER_NUMBER_OBJECT_CONVERSION = YES_AGGRESSIVE;
				CLANG_CXX_LANGUAGE_STANDARD = "gnu++14";
				CLANG_CXX_LIBRARY = "libc++";
				CLANG_ENABLE_MODULES = YES;
				CLANG_ENABLE_OBJC_ARC = YES;
				CLANG_ENABLE_OBJC_WEAK = YES;
				CLANG_WARN_BLOCK_CAPTURE_AUTORELEASING = YES;
				CLANG_WARN_BOOL_CONVERSION = YES;
				CLANG_WARN_COMMA = YES;
				CLANG_WARN_CONSTANT_CONVERSION = YES;
				CLANG_WARN_DEPRECATED_OBJC_IMPLEMENTATIONS = YES;
				CLANG_WARN_DIRECT_OBJC_ISA_USAGE = YES_ERROR;
				CLANG_WARN_DOCUMENTATION_COMMENTS = YES;
				CLANG_WARN_EMPTY_BODY = YES;
				CLANG_WARN_ENUM_CONVERSION = YES;
				CLANG_WARN_INFINITE_RECURSION = YES;
				CLANG_WARN_INT_CONVERSION = YES;
				CLANG_WARN_NON_LITERAL_NULL_CONVERSION = YES;
				CLANG_WARN_OBJC_IMPLICIT_RETAIN_SELF = YES;
				CLANG_WARN_OBJC_LITERAL_CONVERSION = YES;
				CLANG_WARN_OBJC_ROOT_CLASS = YES_ERROR;
				CLANG_WARN_RANGE_LOOP_ANALYSIS = YES;
				CLANG_WARN_STRICT_PROTOTYPES = YES;
				CLANG_WARN_SUSPICIOUS_MOVE = YES;
				CLANG_WARN_UNGUARDED_AVAILABILITY = YES_AGGRESSIVE;
				CLANG_WARN_UNREACHABLE_CODE = YES;
				CLANG_WARN__DUPLICATE_METHOD_MATCH = YES;
				COPY_PHASE_STRIP = NO;
				DEBUG_INFORMATION_FORMAT = dwarf;
				ENABLE_STRICT_OBJC_MSGSEND = YES;
				ENABLE_TESTABILITY = YES;
				GCC_C_LANGUAGE_STANDARD = gnu11;
				GCC_DYNAMIC_NO_PIC = NO;
				GCC_NO_COMMON_BLOCKS = YES;
				GCC_OPTIMIZATION_LEVEL = 0;
				GCC_PREPROCESSOR_DEFINITIONS = (
					"DEBUG=1",
					"$(inherited)",
				);
				GCC_WARN_64_TO_32_BIT_CONVERSION = YES;
				GCC_WARN_ABOUT_RETURN_TYPE = YES_ERROR;
				GCC_WARN_UNDECLARED_SELECTOR = YES;
				GCC_WARN_UNINITIALIZED_AUTOS = YES_AGGRESSIVE;
				GCC_WARN_UNUSED_FUNCTION = YES;
				GCC_WARN_UNUSED_VARIABLE = YES;
				IPHONEOS_DEPLOYMENT_TARGET = 13.2;
				MTL_ENABLE_DEBUG_INFO = INCLUDE_SOURCE;
				MTL_FAST_MATH = YES;
				ONLY_ACTIVE_ARCH = YES;
				SDKROOT = iphoneos;
				SWIFT_ACTIVE_COMPILATION_CONDITIONS = DEBUG;
				SWIFT_OPTIMIZATION_LEVEL = "-Onone";
			};
			name = Debug;
		};
		F2F855E024E9473D008C4301 /* Release */ = {
			isa = XCBuildConfiguration;
			buildSettings = {
				ALWAYS_SEARCH_USER_PATHS = NO;
				CLANG_ANALYZER_NONNULL = YES;
				CLANG_ANALYZER_NUMBER_OBJECT_CONVERSION = YES_AGGRESSIVE;
				CLANG_CXX_LANGUAGE_STANDARD = "gnu++14";
				CLANG_CXX_LIBRARY = "libc++";
				CLANG_ENABLE_MODULES = YES;
				CLANG_ENABLE_OBJC_ARC = YES;
				CLANG_ENABLE_OBJC_WEAK = YES;
				CLANG_WARN_BLOCK_CAPTURE_AUTORELEASING = YES;
				CLANG_WARN_BOOL_CONVERSION = YES;
				CLANG_WARN_COMMA = YES;
				CLANG_WARN_CONSTANT_CONVERSION = YES;
				CLANG_WARN_DEPRECATED_OBJC_IMPLEMENTATIONS = YES;
				CLANG_WARN_DIRECT_OBJC_ISA_USAGE = YES_ERROR;
				CLANG_WARN_DOCUMENTATION_COMMENTS = YES;
				CLANG_WARN_EMPTY_BODY = YES;
				CLANG_WARN_ENUM_CONVERSION = YES;
				CLANG_WARN_INFINITE_RECURSION = YES;
				CLANG_WARN_INT_CONVERSION = YES;
				CLANG_WARN_NON_LITERAL_NULL_CONVERSION = YES;
				CLANG_WARN_OBJC_IMPLICIT_RETAIN_SELF = YES;
				CLANG_WARN_OBJC_LITERAL_CONVERSION = YES;
				CLANG_WARN_OBJC_ROOT_CLASS = YES_ERROR;
				CLANG_WARN_RANGE_LOOP_ANALYSIS = YES;
				CLANG_WARN_STRICT_PROTOTYPES = YES;
				CLANG_WARN_SUSPICIOUS_MOVE = YES;
				CLANG_WARN_UNGUARDED_AVAILABILITY = YES_AGGRESSIVE;
				CLANG_WARN_UNREACHABLE_CODE = YES;
				CLANG_WARN__DUPLICATE_METHOD_MATCH = YES;
				COPY_PHASE_STRIP = NO;
				DEBUG_INFORMATION_FORMAT = "dwarf-with-dsym";
				ENABLE_NS_ASSERTIONS = NO;
				ENABLE_STRICT_OBJC_MSGSEND = YES;
				GCC_C_LANGUAGE_STANDARD = gnu11;
				GCC_NO_COMMON_BLOCKS = YES;
				GCC_WARN_64_TO_32_BIT_CONVERSION = YES;
				GCC_WARN_ABOUT_RETURN_TYPE = YES_ERROR;
				GCC_WARN_UNDECLARED_SELECTOR = YES;
				GCC_WARN_UNINITIALIZED_AUTOS = YES_AGGRESSIVE;
				GCC_WARN_UNUSED_FUNCTION = YES;
				GCC_WARN_UNUSED_VARIABLE = YES;
				IPHONEOS_DEPLOYMENT_TARGET = 13.2;
				MTL_ENABLE_DEBUG_INFO = NO;
				MTL_FAST_MATH = YES;
				SDKROOT = iphoneos;
				SWIFT_COMPILATION_MODE = wholemodule;
				SWIFT_OPTIMIZATION_LEVEL = "-O";
				VALIDATE_PRODUCT = YES;
			};
			name = Release;
		};
		F2F855E224E9473D008C4301 /* Debug */ = {
			isa = XCBuildConfiguration;
			buildSettings = {
				ASSETCATALOG_COMPILER_APPICON_NAME = AppIcon;
				CODE_SIGN_STYLE = Automatic;
				DEVELOPMENT_TEAM = GM594LZ456;
				INFOPLIST_FILE = VirtualTourist/Info.plist;
				IPHONEOS_DEPLOYMENT_TARGET = 13.2;
				LD_RUNPATH_SEARCH_PATHS = (
					"$(inherited)",
					"@executable_path/Frameworks",
				);
				PRODUCT_BUNDLE_IDENTIFIER = com.adeyemiOsifeso.Kadel.VirtualTourist;
				PRODUCT_NAME = "$(TARGET_NAME)";
				SWIFT_VERSION = 5.0;
				TARGETED_DEVICE_FAMILY = "1,2";
			};
			name = Debug;
		};
		F2F855E324E9473D008C4301 /* Release */ = {
			isa = XCBuildConfiguration;
			buildSettings = {
				ASSETCATALOG_COMPILER_APPICON_NAME = AppIcon;
				CODE_SIGN_STYLE = Automatic;
				DEVELOPMENT_TEAM = GM594LZ456;
				INFOPLIST_FILE = VirtualTourist/Info.plist;
				IPHONEOS_DEPLOYMENT_TARGET = 13.2;
				LD_RUNPATH_SEARCH_PATHS = (
					"$(inherited)",
					"@executable_path/Frameworks",
				);
				PRODUCT_BUNDLE_IDENTIFIER = com.adeyemiOsifeso.Kadel.VirtualTourist;
				PRODUCT_NAME = "$(TARGET_NAME)";
				SWIFT_VERSION = 5.0;
				TARGETED_DEVICE_FAMILY = "1,2";
			};
			name = Release;
		};
/* End XCBuildConfiguration section */

/* Begin XCConfigurationList section */
		F2F855C824E94736008C4301 /* Build configuration list for PBXProject "VirtualTourist" */ = {
			isa = XCConfigurationList;
			buildConfigurations = (
				F2F855DF24E9473D008C4301 /* Debug */,
				F2F855E024E9473D008C4301 /* Release */,
			);
			defaultConfigurationIsVisible = 0;
			defaultConfigurationName = Release;
		};
		F2F855E124E9473D008C4301 /* Build configuration list for PBXNativeTarget "VirtualTourist" */ = {
			isa = XCConfigurationList;
			buildConfigurations = (
				F2F855E224E9473D008C4301 /* Debug */,
				F2F855E324E9473D008C4301 /* Release */,
			);
			defaultConfigurationIsVisible = 0;
			defaultConfigurationName = Release;
		};
/* End XCConfigurationList section */

/* Begin XCVersionGroup section */
		F2F855E524E97736008C4301 /* VirtualTourist.xcdatamodeld */ = {
			isa = XCVersionGroup;
			children = (
				F2F855E624E97736008C4301 /* Location.xcdatamodel */,
			);
			currentVersion = F2F855E624E97736008C4301 /* Location.xcdatamodel */;
			path = VirtualTourist.xcdatamodeld;
			sourceTree = "<group>";
			versionGroupType = wrapper.xcdatamodel;
		};
/* End XCVersionGroup section */
	};
	rootObject = F2F855C524E94736008C4301 /* Project object */;
}
